<?xml version="1.0" encoding="UTF-8" standalone="yes" ?>
<CodeBlocks_project_file>
	<FileVersion major="1" minor="6" />
	<Project>
		<Option title="Sistema Hospitalario" />
		<Option pch_mode="2" />
		<Option compiler="gcc" />
		<Build>
			<Target title="Debug">
				<Option output="bin/Debug/Sistema Hospitalario" prefix_auto="1" extension_auto="1" />
				<Option object_output="obj/Debug/" />
				<Option type="1" />
				<Option compiler="gcc" />
				<Compiler>
					<Add option="-g" />
					<Add directory="../Sistema Hospitalario" />
				</Compiler>
			</Target>
			<Target title="Release">
				<Option output="bin/Release/Sistema Hospitalario" prefix_auto="1" extension_auto="1" />
				<Option object_output="obj/Release/" />
				<Option type="1" />
				<Option compiler="gcc" />
				<Compiler>
					<Add option="-O2" />
					<Add directory="../Sistema Hospitalario" />
				</Compiler>
				<Linker>
					<Add option="-s" />
				</Linker>
			</Target>
		</Build>
		<Compiler>
			<Add option="-Wall" />
			<Add option="-fexceptions" />
		</Compiler>
		<Unit filename="../../../../Escritorio/Proyecto hospitalario  laboII/Sistema Hospitalario/ArchivoPersona.h" />
		<Unit filename="../../../../Escritorio/Proyecto hospitalario  laboII/Sistema Hospitalario/Fecha.cpp" />
		<Unit filename="../../../../Escritorio/Proyecto hospitalario  laboII/Sistema Hospitalario/Fecha.h" />
		<Unit filename="../../../../Escritorio/Proyecto hospitalario  laboII/Sistema Hospitalario/Paciente.cpp" />
		<Unit filename="../../../../Escritorio/Proyecto hospitalario  laboII/Sistema Hospitalario/Paciente.h" />
		<Unit filename="../../../../Escritorio/Proyecto hospitalario  laboII/Sistema Hospitalario/Persona.cpp" />
		<Unit filename="../../../../Escritorio/Proyecto hospitalario  laboII/Sistema Hospitalario/Persona.h" />
		<Unit filename="../../../../Escritorio/Proyecto hospitalario  laboII/Sistema Hospitalario/Tiempo.cpp" />
		<Unit filename="../../../../Escritorio/Proyecto hospitalario  laboII/Sistema Hospitalario/Tiempo.h" />
		<Unit filename="../../../../Escritorio/Proyecto hospitalario  laboII/Sistema Hospitalario/TipoDocumento.cpp" />
		<Unit filename="../../../../Escritorio/Proyecto hospitalario  laboII/Sistema Hospitalario/TipoDocumento.h" />
		<Unit filename="../../../../Escritorio/Proyecto hospitalario  laboII/Sistema Hospitalario/main.cpp" />
		<Unit filename="../../../../Escritorio/Proyecto hospitalario  laboII/Sistema Hospitalario/src/ArchivoPersona.cpp" />
		<Extensions>
			<lib_finder disable_auto="1" />
		</Extensions>
	</Project>
</CodeBlocks_project_file>
